{
  "name": "sampleapp",
  "version": "1.0.0",
  "lockfileVersion": 1,
  "requires": true,
  "dependencies": {
    "jquery-bracket": {
      "version": "0.11.1",
      "resolved": "https://registry.npmjs.org/jquery-bracket/-/jquery-bracket-0.11.1.tgz",
      "integrity": "sha512-I3kE5FuUAJAU+h3ccipVO+AUpM1p0ilQAOfSk51Ja2RLDslVMuRVctYOsuANTAxQmEgvzdqSNVRXcIA0Ve1plQ=="
    }
  }
}
